// !$*UTF8*$!
{
	archiveVersion = 1;
	classes = {
	};
	objectVersion = 46;
	objects = {

/* Begin PBXBuildFile section */
		01038D1F1AC0516200B88A8A /* UIColor+Custom.m in Sources */ = {isa = PBXBuildFile; fileRef = 01038D1E1AC0516200B88A8A /* UIColor+Custom.m */; };
		01038D221AC05A2800B88A8A /* UIFont+Custom.m in Sources */ = {isa = PBXBuildFile; fileRef = 01038D211AC05A2800B88A8A /* UIFont+Custom.m */; };
		01068ECE1AB7011D0017F91A /* main.m in Sources */ = {isa = PBXBuildFile; fileRef = 01068ECD1AB7011D0017F91A /* main.m */; };
		01068ED11AB7011D0017F91A /* AppDelegate.m in Sources */ = {isa = PBXBuildFile; fileRef = 01068ED01AB7011D0017F91A /* AppDelegate.m */; };
		01068ED41AB7011D0017F91A /* KinoApp.xcdatamodeld in Sources */ = {isa = PBXBuildFile; fileRef = 01068ED21AB7011D0017F91A /* KinoApp.xcdatamodeld */; };
		01068EDC1AB7011D0017F91A /* Images.xcassets in Resources */ = {isa = PBXBuildFile; fileRef = 01068EDB1AB7011D0017F91A /* Images.xcassets */; };
		01068EDF1AB7011D0017F91A /* LaunchScreen.xib in Resources */ = {isa = PBXBuildFile; fileRef = 01068EDD1AB7011D0017F91A /* LaunchScreen.xib */; };
		01068EEB1AB7011D0017F91A /* KinoAppTests.m in Sources */ = {isa = PBXBuildFile; fileRef = 01068EEA1AB7011D0017F91A /* KinoAppTests.m */; };
		01068EFC1AB702CC0017F91A /* CoreDataStack.m in Sources */ = {isa = PBXBuildFile; fileRef = 01068EFB1AB702CC0017F91A /* CoreDataStack.m */; };
		01068EFF1AB703CE0017F91A /* Main.storyboard in Resources */ = {isa = PBXBuildFile; fileRef = 01068EFE1AB703CE0017F91A /* Main.storyboard */; };
		01068F051AB710D70017F91A /* MainRouter.m in Sources */ = {isa = PBXBuildFile; fileRef = 01068F041AB710D70017F91A /* MainRouter.m */; };
		01068F301AB725490017F91A /* BillboardViewController.m in Sources */ = {isa = PBXBuildFile; fileRef = 01068F2E1AB725490017F91A /* BillboardViewController.m */; };
		01068F311AB725490017F91A /* BillboardViewController.xib in Resources */ = {isa = PBXBuildFile; fileRef = 01068F2F1AB725490017F91A /* BillboardViewController.xib */; };
		01068F341AB725630017F91A /* BillboardRouter.m in Sources */ = {isa = PBXBuildFile; fileRef = 01068F331AB725630017F91A /* BillboardRouter.m */; };
		01068F3B1AB72D480017F91A /* BillboardFilmCollectionViewCell.m in Sources */ = {isa = PBXBuildFile; fileRef = 01068F391AB72D480017F91A /* BillboardFilmCollectionViewCell.m */; };
		01068F3C1AB72D480017F91A /* BillboardFilmCollectionViewCell.xib in Resources */ = {isa = PBXBuildFile; fileRef = 01068F3A1AB72D480017F91A /* BillboardFilmCollectionViewCell.xib */; };
		01068F401AB72ECB0017F91A /* BillboardCollectionDelegate.m in Sources */ = {isa = PBXBuildFile; fileRef = 01068F3F1AB72ECB0017F91A /* BillboardCollectionDelegate.m */; };
		01068F471AB747F00017F91A /* ExternalTMDBProvider.m in Sources */ = {isa = PBXBuildFile; fileRef = 01068F461AB747F00017F91A /* ExternalTMDBProvider.m */; };
		01068F4A1AB74E1F0017F91A /* LoadUpcomingFilmsInteractor.m in Sources */ = {isa = PBXBuildFile; fileRef = 01068F491AB74E1F0017F91A /* LoadUpcomingFilmsInteractor.m */; };
		01068F4D1AB74F2F0017F91A /* LoadPlayingNowInteractor.m in Sources */ = {isa = PBXBuildFile; fileRef = 01068F4C1AB74F2F0017F91A /* LoadPlayingNowInteractor.m */; };
		01068F511AB752840017F91A /* CollectionFilmsCollectionViewCell.m in Sources */ = {isa = PBXBuildFile; fileRef = 01068F4F1AB752840017F91A /* CollectionFilmsCollectionViewCell.m */; };
		01068F521AB752840017F91A /* CollectionFilmsCollectionViewCell.xib in Resources */ = {isa = PBXBuildFile; fileRef = 01068F501AB752840017F91A /* CollectionFilmsCollectionViewCell.xib */; };
		01068F581AB7546A0017F91A /* BillboardFilmsCollectionDelegate.m in Sources */ = {isa = PBXBuildFile; fileRef = 01068F571AB7546A0017F91A /* BillboardFilmsCollectionDelegate.m */; };
		0117596F1ABAF5E700724BC5 /* ControllersFactory.m in Sources */ = {isa = PBXBuildFile; fileRef = 0117596E1ABAF5E700724BC5 /* ControllersFactory.m */; };
		011759721ABB291F00724BC5 /* AddFilmToListInteractor.m in Sources */ = {isa = PBXBuildFile; fileRef = 011759711ABB291F00724BC5 /* AddFilmToListInteractor.m */; };
		011759761ABB390600724BC5 /* SelectListViewController.m in Sources */ = {isa = PBXBuildFile; fileRef = 011759741ABB390600724BC5 /* SelectListViewController.m */; };
		011759771ABB390600724BC5 /* SelectListViewController.xib in Resources */ = {isa = PBXBuildFile; fileRef = 011759751ABB390600724BC5 /* SelectListViewController.xib */; };
		0117597B1ABB3B1200724BC5 /* ListTableViewCell.m in Sources */ = {isa = PBXBuildFile; fileRef = 011759791ABB3B1200724BC5 /* ListTableViewCell.m */; };
		0117597C1ABB3B1200724BC5 /* ListTableViewCell.xib in Resources */ = {isa = PBXBuildFile; fileRef = 0117597A1ABB3B1200724BC5 /* ListTableViewCell.xib */; };
		0117597F1ABB410600724BC5 /* SelectListRouter.m in Sources */ = {isa = PBXBuildFile; fileRef = 0117597E1ABB410600724BC5 /* SelectListRouter.m */; };
		011759831ABB429E00724BC5 /* SelectListModalTransitionAnimator.m in Sources */ = {isa = PBXBuildFile; fileRef = 011759821ABB429E00724BC5 /* SelectListModalTransitionAnimator.m */; };
		012176471ABC1FE700EDA095 /* List+Model.m in Sources */ = {isa = PBXBuildFile; fileRef = 012176461ABC1FE700EDA095 /* List+Model.m */; };
		012176551ABC330D00EDA095 /* ListDetailViewController.m in Sources */ = {isa = PBXBuildFile; fileRef = 012176531ABC330D00EDA095 /* ListDetailViewController.m */; };
		012176561ABC330D00EDA095 /* ListDetailViewController.xib in Resources */ = {isa = PBXBuildFile; fileRef = 012176541ABC330D00EDA095 /* ListDetailViewController.xib */; };
		012176591ABC3D6700EDA095 /* FilmCollectionViewCellController.m in Sources */ = {isa = PBXBuildFile; fileRef = 012176581ABC3D6700EDA095 /* FilmCollectionViewCellController.m */; };
		0121765D1ABC3D8F00EDA095 /* FilmTableViewCell.m in Sources */ = {isa = PBXBuildFile; fileRef = 0121765B1ABC3D8F00EDA095 /* FilmTableViewCell.m */; };
		0121765E1ABC3D8F00EDA095 /* FilmTableViewCell.xib in Resources */ = {isa = PBXBuildFile; fileRef = 0121765C1ABC3D8F00EDA095 /* FilmTableViewCell.xib */; };
		012C6B7F1AB99F580060A49C /* FilmDetailViewController.m in Sources */ = {isa = PBXBuildFile; fileRef = 012C6B7D1AB99F580060A49C /* FilmDetailViewController.m */; };
		012C6B801AB99F580060A49C /* FilmDetailViewController.xib in Resources */ = {isa = PBXBuildFile; fileRef = 012C6B7E1AB99F580060A49C /* FilmDetailViewController.xib */; };
		012C6B851AB9C3EE0060A49C /* DetailFilmRouter.m in Sources */ = {isa = PBXBuildFile; fileRef = 012C6B841AB9C3EE0060A49C /* DetailFilmRouter.m */; };
		012C6B881AB9D3290060A49C /* LoadFilmInteractor.m in Sources */ = {isa = PBXBuildFile; fileRef = 012C6B871AB9D3290060A49C /* LoadFilmInteractor.m */; };
		012C6B8B1ABA000E0060A49C /* FetchAllListsInteractor.m in Sources */ = {isa = PBXBuildFile; fileRef = 012C6B8A1ABA000E0060A49C /* FetchAllListsInteractor.m */; };
		012C6B8F1ABA006D0060A49C /* ListsCollectionViewController.m in Sources */ = {isa = PBXBuildFile; fileRef = 012C6B8D1ABA006D0060A49C /* ListsCollectionViewController.m */; };
		012C6B901ABA006D0060A49C /* ListsCollectionViewController.xib in Resources */ = {isa = PBXBuildFile; fileRef = 012C6B8E1ABA006D0060A49C /* ListsCollectionViewController.xib */; };
		012C6B931ABA01560060A49C /* ListsCollectionRouter.m in Sources */ = {isa = PBXBuildFile; fileRef = 012C6B921ABA01560060A49C /* ListsCollectionRouter.m */; };
		012C6B971ABA0A070060A49C /* FilmListCollectionViewCell.m in Sources */ = {isa = PBXBuildFile; fileRef = 012C6B951ABA0A070060A49C /* FilmListCollectionViewCell.m */; };
		012C6B981ABA0A070060A49C /* FilmListCollectionViewCell.xib in Resources */ = {isa = PBXBuildFile; fileRef = 012C6B961ABA0A070060A49C /* FilmListCollectionViewCell.xib */; };
		012C6BA01ABA0EE70060A49C /* FilmListCollectionViewCellController.m in Sources */ = {isa = PBXBuildFile; fileRef = 012C6B9F1ABA0EE70060A49C /* FilmListCollectionViewCellController.m */; };
		012C6BA61ABA107D0060A49C /* ListDTO.m in Sources */ = {isa = PBXBuildFile; fileRef = 012C6BA51ABA107D0060A49C /* ListDTO.m */; };
		012C6BAB1ABA14A70060A49C /* LocalCoreDataListsProvider.m in Sources */ = {isa = PBXBuildFile; fileRef = 012C6BAA1ABA14A70060A49C /* LocalCoreDataListsProvider.m */; };
		013955681ABAD7A500BC745D /* List.m in Sources */ = {isa = PBXBuildFile; fileRef = 013955671ABAD7A500BC745D /* List.m */; };
		0139556B1ABAD8EA00BC745D /* ListDTOParser.m in Sources */ = {isa = PBXBuildFile; fileRef = 0139556A1ABAD8EA00BC745D /* ListDTOParser.m */; };
		0158344A1AB8223B007E0AC4 /* APIVars.m in Sources */ = {isa = PBXBuildFile; fileRef = 015834491AB8223B007E0AC4 /* APIVars.m */; };
		0158344F1AB84AAA007E0AC4 /* RequestManagerFactory.m in Sources */ = {isa = PBXBuildFile; fileRef = 0158344E1AB84AAA007E0AC4 /* RequestManagerFactory.m */; };
		015834521AB84E93007E0AC4 /* JARequestManager.m in Sources */ = {isa = PBXBuildFile; fileRef = 015834511AB84E93007E0AC4 /* JARequestManager.m */; };
		015834561AB862B4007E0AC4 /* URLHelper.m in Sources */ = {isa = PBXBuildFile; fileRef = 015834551AB862B4007E0AC4 /* URLHelper.m */; };
		0158345B1AB86508007E0AC4 /* FilmDTO.m in Sources */ = {isa = PBXBuildFile; fileRef = 0158345A1AB86508007E0AC4 /* FilmDTO.m */; };
		0158345E1AB86633007E0AC4 /* FilmDTOParser.m in Sources */ = {isa = PBXBuildFile; fileRef = 0158345D1AB86633007E0AC4 /* FilmDTOParser.m */; };
		015AB1791ABC3F0100D2CBAA /* DetailListRouter.m in Sources */ = {isa = PBXBuildFile; fileRef = 015AB1781ABC3F0100D2CBAA /* DetailListRouter.m */; };
		015AB17D1ABC6A3000D2CBAA /* SearchFilmViewController.m in Sources */ = {isa = PBXBuildFile; fileRef = 015AB17B1ABC6A3000D2CBAA /* SearchFilmViewController.m */; };
		015AB17E1ABC6A3000D2CBAA /* SearchFilmViewController.xib in Resources */ = {isa = PBXBuildFile; fileRef = 015AB17C1ABC6A3000D2CBAA /* SearchFilmViewController.xib */; };
		015AB1811ABC6C3800D2CBAA /* LoadPopularFilmsInteractor.m in Sources */ = {isa = PBXBuildFile; fileRef = 015AB1801ABC6C3800D2CBAA /* LoadPopularFilmsInteractor.m */; };
		015AB1841ABC6E7E00D2CBAA /* SearchFilmTableViewCellController.m in Sources */ = {isa = PBXBuildFile; fileRef = 015AB1831ABC6E7E00D2CBAA /* SearchFilmTableViewCellController.m */; };
		015AB1871ABC78BD00D2CBAA /* SearchFilmRouter.m in Sources */ = {isa = PBXBuildFile; fileRef = 015AB1861ABC78BD00D2CBAA /* SearchFilmRouter.m */; };
		015AB18A1ABC827C00D2CBAA /* SearchFilmInteractor.m in Sources */ = {isa = PBXBuildFile; fileRef = 015AB1891ABC827C00D2CBAA /* SearchFilmInteractor.m */; };
		018F9DCD1AB896200046D3C4 /* LocalCoreDataFilmsProvider.m in Sources */ = {isa = PBXBuildFile; fileRef = 018F9DCC1AB896200046D3C4 /* LocalCoreDataFilmsProvider.m */; };
		018F9DD01AB896F90046D3C4 /* CoreDataManager.m in Sources */ = {isa = PBXBuildFile; fileRef = 018F9DCF1AB896F90046D3C4 /* CoreDataManager.m */; };
		018F9DD41AB89B4D0046D3C4 /* Film+Model.m in Sources */ = {isa = PBXBuildFile; fileRef = 018F9DD31AB89B4D0046D3C4 /* Film+Model.m */; };
		018F9DD71AB8AAF50046D3C4 /* Film.m in Sources */ = {isa = PBXBuildFile; fileRef = 018F9DD61AB8AAF50046D3C4 /* Film.m */; };
		01F0C0F21AC1A0220009E061 /* UISearchBar+Custom.m in Sources */ = {isa = PBXBuildFile; fileRef = 01F0C0F11AC1A0220009E061 /* UISearchBar+Custom.m */; };
		F2F038238A73F7DA954B4244 /* libPods.a in Frameworks */ = {isa = PBXBuildFile; fileRef = F855DE3F67C9EF3B55C10712 /* libPods.a */; };
/* End PBXBuildFile section */

/* Begin PBXContainerItemProxy section */
		01068EE51AB7011D0017F91A /* PBXContainerItemProxy */ = {
			isa = PBXContainerItemProxy;
			containerPortal = 01068EC01AB7011D0017F91A /* Project object */;
			proxyType = 1;
			remoteGlobalIDString = 01068EC71AB7011D0017F91A;
			remoteInfo = KinoApp;
		};
/* End PBXContainerItemProxy section */

/* Begin PBXFileReference section */
		01038D1D1AC0516200B88A8A /* UIColor+Custom.h */ = {isa = PBXFileReference; fileEncoding = 4; lastKnownFileType = sourcecode.c.h; name = "UIColor+Custom.h"; path = "Categories/UIColor+Custom.h"; sourceTree = "<group>"; };
		01038D1E1AC0516200B88A8A /* UIColor+Custom.m */ = {isa = PBXFileReference; fileEncoding = 4; lastKnownFileType = sourcecode.c.objc; name = "UIColor+Custom.m"; path = "Categories/UIColor+Custom.m"; sourceTree = "<group>"; };
		01038D201AC05A2800B88A8A /* UIFont+Custom.h */ = {isa = PBXFileReference; fileEncoding = 4; lastKnownFileType = sourcecode.c.h; name = "UIFont+Custom.h"; path = "Categories/UIFont+Custom.h"; sourceTree = "<group>"; };
		01038D211AC05A2800B88A8A /* UIFont+Custom.m */ = {isa = PBXFileReference; fileEncoding = 4; lastKnownFileType = sourcecode.c.objc; name = "UIFont+Custom.m"; path = "Categories/UIFont+Custom.m"; sourceTree = "<group>"; };
		01068EC81AB7011D0017F91A /* KinoApp.app */ = {isa = PBXFileReference; explicitFileType = wrapper.application; includeInIndex = 0; path = KinoApp.app; sourceTree = BUILT_PRODUCTS_DIR; };
		01068ECC1AB7011D0017F91A /* Info.plist */ = {isa = PBXFileReference; lastKnownFileType = text.plist.xml; path = Info.plist; sourceTree = "<group>"; };
		01068ECD1AB7011D0017F91A /* main.m */ = {isa = PBXFileReference; lastKnownFileType = sourcecode.c.objc; path = main.m; sourceTree = "<group>"; };
		01068ECF1AB7011D0017F91A /* AppDelegate.h */ = {isa = PBXFileReference; lastKnownFileType = sourcecode.c.h; path = AppDelegate.h; sourceTree = "<group>"; };
		01068ED01AB7011D0017F91A /* AppDelegate.m */ = {isa = PBXFileReference; lastKnownFileType = sourcecode.c.objc; path = AppDelegate.m; sourceTree = "<group>"; };
		01068ED31AB7011D0017F91A /* KinoApp.xcdatamodel */ = {isa = PBXFileReference; lastKnownFileType = wrapper.xcdatamodel; path = KinoApp.xcdatamodel; sourceTree = "<group>"; };
		01068EDB1AB7011D0017F91A /* Images.xcassets */ = {isa = PBXFileReference; lastKnownFileType = folder.assetcatalog; path = Images.xcassets; sourceTree = "<group>"; };
		01068EDE1AB7011D0017F91A /* Base */ = {isa = PBXFileReference; lastKnownFileType = file.xib; name = Base; path = Base.lproj/LaunchScreen.xib; sourceTree = "<group>"; };
		01068EE41AB7011D0017F91A /* KinoAppTests.xctest */ = {isa = PBXFileReference; explicitFileType = wrapper.cfbundle; includeInIndex = 0; path = KinoAppTests.xctest; sourceTree = BUILT_PRODUCTS_DIR; };
		01068EE91AB7011D0017F91A /* Info.plist */ = {isa = PBXFileReference; lastKnownFileType = text.plist.xml; path = Info.plist; sourceTree = "<group>"; };
		01068EEA1AB7011D0017F91A /* KinoAppTests.m */ = {isa = PBXFileReference; lastKnownFileType = sourcecode.c.objc; path = KinoAppTests.m; sourceTree = "<group>"; };
		01068EFA1AB702CC0017F91A /* CoreDataStack.h */ = {isa = PBXFileReference; fileEncoding = 4; lastKnownFileType = sourcecode.c.h; name = CoreDataStack.h; path = CoreData/CoreDataStack.h; sourceTree = "<group>"; };
		01068EFB1AB702CC0017F91A /* CoreDataStack.m */ = {isa = PBXFileReference; fileEncoding = 4; lastKnownFileType = sourcecode.c.objc; name = CoreDataStack.m; path = CoreData/CoreDataStack.m; sourceTree = "<group>"; };
		01068EFE1AB703CE0017F91A /* Main.storyboard */ = {isa = PBXFileReference; fileEncoding = 4; lastKnownFileType = file.storyboard; name = Main.storyboard; path = Views/Main.storyboard; sourceTree = "<group>"; };
		01068F031AB710D70017F91A /* MainRouter.h */ = {isa = PBXFileReference; fileEncoding = 4; lastKnownFileType = sourcecode.c.h; name = MainRouter.h; path = Routers/MainRouter.h; sourceTree = "<group>"; };
		01068F041AB710D70017F91A /* MainRouter.m */ = {isa = PBXFileReference; fileEncoding = 4; lastKnownFileType = sourcecode.c.objc; name = MainRouter.m; path = Routers/MainRouter.m; sourceTree = "<group>"; };
		01068F2D1AB725490017F91A /* BillboardViewController.h */ = {isa = PBXFileReference; fileEncoding = 4; lastKnownFileType = sourcecode.c.h; name = BillboardViewController.h; path = ViewControllers/BillboardViewController.h; sourceTree = "<group>"; };
		01068F2E1AB725490017F91A /* BillboardViewController.m */ = {isa = PBXFileReference; fileEncoding = 4; lastKnownFileType = sourcecode.c.objc; name = BillboardViewController.m; path = ViewControllers/BillboardViewController.m; sourceTree = "<group>"; };
		01068F2F1AB725490017F91A /* BillboardViewController.xib */ = {isa = PBXFileReference; fileEncoding = 4; lastKnownFileType = file.xib; name = BillboardViewController.xib; path = ViewControllers/BillboardViewController.xib; sourceTree = "<group>"; };
		01068F321AB725630017F91A /* BillboardRouter.h */ = {isa = PBXFileReference; fileEncoding = 4; lastKnownFileType = sourcecode.c.h; name = BillboardRouter.h; path = Routers/BillboardRouter.h; sourceTree = "<group>"; };
		01068F331AB725630017F91A /* BillboardRouter.m */ = {isa = PBXFileReference; fileEncoding = 4; lastKnownFileType = sourcecode.c.objc; name = BillboardRouter.m; path = Routers/BillboardRouter.m; sourceTree = "<group>"; };
		01068F381AB72D480017F91A /* BillboardFilmCollectionViewCell.h */ = {isa = PBXFileReference; fileEncoding = 4; lastKnownFileType = sourcecode.c.h; name = BillboardFilmCollectionViewCell.h; path = Views/BillboardFilmCollectionViewCell.h; sourceTree = "<group>"; };
		01068F391AB72D480017F91A /* BillboardFilmCollectionViewCell.m */ = {isa = PBXFileReference; fileEncoding = 4; lastKnownFileType = sourcecode.c.objc; name = BillboardFilmCollectionViewCell.m; path = Views/BillboardFilmCollectionViewCell.m; sourceTree = "<group>"; };
		01068F3A1AB72D480017F91A /* BillboardFilmCollectionViewCell.xib */ = {isa = PBXFileReference; fileEncoding = 4; lastKnownFileType = file.xib; name = BillboardFilmCollectionViewCell.xib; path = Views/BillboardFilmCollectionViewCell.xib; sourceTree = "<group>"; };
		01068F3E1AB72ECB0017F91A /* BillboardCollectionDelegate.h */ = {isa = PBXFileReference; fileEncoding = 4; lastKnownFileType = sourcecode.c.h; name = BillboardCollectionDelegate.h; path = Delegates/BillboardCollectionDelegate.h; sourceTree = "<group>"; };
		01068F3F1AB72ECB0017F91A /* BillboardCollectionDelegate.m */ = {isa = PBXFileReference; fileEncoding = 4; lastKnownFileType = sourcecode.c.objc; name = BillboardCollectionDelegate.m; path = Delegates/BillboardCollectionDelegate.m; sourceTree = "<group>"; };
		01068F411AB733730017F91A /* BillboardCollectionDelegateProtocol.h */ = {isa = PBXFileReference; fileEncoding = 4; lastKnownFileType = sourcecode.c.h; name = BillboardCollectionDelegateProtocol.h; path = Delegates/BillboardCollectionDelegateProtocol.h; sourceTree = "<group>"; };
		01068F441AB746F80017F91A /* ExternalFilmsProvider.h */ = {isa = PBXFileReference; fileEncoding = 4; lastKnownFileType = sourcecode.c.h; name = ExternalFilmsProvider.h; path = Providers/ExternalFilmsProvider.h; sourceTree = "<group>"; };
		01068F451AB747F00017F91A /* ExternalTMDBProvider.h */ = {isa = PBXFileReference; fileEncoding = 4; lastKnownFileType = sourcecode.c.h; name = ExternalTMDBProvider.h; path = Providers/ExternalTMDBProvider.h; sourceTree = "<group>"; };
		01068F461AB747F00017F91A /* ExternalTMDBProvider.m */ = {isa = PBXFileReference; fileEncoding = 4; lastKnownFileType = sourcecode.c.objc; name = ExternalTMDBProvider.m; path = Providers/ExternalTMDBProvider.m; sourceTree = "<group>"; };
		01068F481AB74E1F0017F91A /* LoadUpcomingFilmsInteractor.h */ = {isa = PBXFileReference; fileEncoding = 4; lastKnownFileType = sourcecode.c.h; name = LoadUpcomingFilmsInteractor.h; path = Interactors/LoadUpcomingFilmsInteractor.h; sourceTree = "<group>"; };
		01068F491AB74E1F0017F91A /* LoadUpcomingFilmsInteractor.m */ = {isa = PBXFileReference; fileEncoding = 4; lastKnownFileType = sourcecode.c.objc; name = LoadUpcomingFilmsInteractor.m; path = Interactors/LoadUpcomingFilmsInteractor.m; sourceTree = "<group>"; };
		01068F4B1AB74F2F0017F91A /* LoadPlayingNowInteractor.h */ = {isa = PBXFileReference; fileEncoding = 4; lastKnownFileType = sourcecode.c.h; name = LoadPlayingNowInteractor.h; path = Interactors/LoadPlayingNowInteractor.h; sourceTree = "<group>"; };
		01068F4C1AB74F2F0017F91A /* LoadPlayingNowInteractor.m */ = {isa = PBXFileReference; fileEncoding = 4; lastKnownFileType = sourcecode.c.objc; name = LoadPlayingNowInteractor.m; path = Interactors/LoadPlayingNowInteractor.m; sourceTree = "<group>"; };
		01068F4E1AB752840017F91A /* CollectionFilmsCollectionViewCell.h */ = {isa = PBXFileReference; fileEncoding = 4; lastKnownFileType = sourcecode.c.h; name = CollectionFilmsCollectionViewCell.h; path = Views/CollectionFilmsCollectionViewCell.h; sourceTree = "<group>"; };
		01068F4F1AB752840017F91A /* CollectionFilmsCollectionViewCell.m */ = {isa = PBXFileReference; fileEncoding = 4; lastKnownFileType = sourcecode.c.objc; name = CollectionFilmsCollectionViewCell.m; path = Views/CollectionFilmsCollectionViewCell.m; sourceTree = "<group>"; };
		01068F501AB752840017F91A /* CollectionFilmsCollectionViewCell.xib */ = {isa = PBXFileReference; fileEncoding = 4; lastKnownFileType = file.xib; name = CollectionFilmsCollectionViewCell.xib; path = Views/CollectionFilmsCollectionViewCell.xib; sourceTree = "<group>"; };
		01068F561AB7546A0017F91A /* BillboardFilmsCollectionDelegate.h */ = {isa = PBXFileReference; fileEncoding = 4; lastKnownFileType = sourcecode.c.h; name = BillboardFilmsCollectionDelegate.h; path = Delegates/BillboardFilmsCollectionDelegate.h; sourceTree = "<group>"; };
		01068F571AB7546A0017F91A /* BillboardFilmsCollectionDelegate.m */ = {isa = PBXFileReference; fileEncoding = 4; lastKnownFileType = sourcecode.c.objc; name = BillboardFilmsCollectionDelegate.m; path = Delegates/BillboardFilmsCollectionDelegate.m; sourceTree = "<group>"; };
		01068F591AB754810017F91A /* FilmsCollectionDelegate.h */ = {isa = PBXFileReference; fileEncoding = 4; lastKnownFileType = sourcecode.c.h; name = FilmsCollectionDelegate.h; path = Delegates/FilmsCollectionDelegate.h; sourceTree = "<group>"; };
		01068F5A1AB7558F0017F91A /* BillboardFilmsInteractor.h */ = {isa = PBXFileReference; fileEncoding = 4; lastKnownFileType = sourcecode.c.h; name = BillboardFilmsInteractor.h; path = Interactors/BillboardFilmsInteractor.h; sourceTree = "<group>"; };
		0117596D1ABAF5E700724BC5 /* ControllersFactory.h */ = {isa = PBXFileReference; fileEncoding = 4; lastKnownFileType = sourcecode.c.h; name = ControllersFactory.h; path = Factories/ControllersFactory.h; sourceTree = "<group>"; };
		0117596E1ABAF5E700724BC5 /* ControllersFactory.m */ = {isa = PBXFileReference; fileEncoding = 4; lastKnownFileType = sourcecode.c.objc; name = ControllersFactory.m; path = Factories/ControllersFactory.m; sourceTree = "<group>"; };
		011759701ABB291F00724BC5 /* AddFilmToListInteractor.h */ = {isa = PBXFileReference; fileEncoding = 4; lastKnownFileType = sourcecode.c.h; name = AddFilmToListInteractor.h; path = Interactors/AddFilmToListInteractor.h; sourceTree = "<group>"; };
		011759711ABB291F00724BC5 /* AddFilmToListInteractor.m */ = {isa = PBXFileReference; fileEncoding = 4; lastKnownFileType = sourcecode.c.objc; name = AddFilmToListInteractor.m; path = Interactors/AddFilmToListInteractor.m; sourceTree = "<group>"; };
		011759731ABB390600724BC5 /* SelectListViewController.h */ = {isa = PBXFileReference; fileEncoding = 4; lastKnownFileType = sourcecode.c.h; name = SelectListViewController.h; path = ViewControllers/SelectListViewController.h; sourceTree = "<group>"; };
		011759741ABB390600724BC5 /* SelectListViewController.m */ = {isa = PBXFileReference; fileEncoding = 4; lastKnownFileType = sourcecode.c.objc; name = SelectListViewController.m; path = ViewControllers/SelectListViewController.m; sourceTree = "<group>"; };
		011759751ABB390600724BC5 /* SelectListViewController.xib */ = {isa = PBXFileReference; fileEncoding = 4; lastKnownFileType = file.xib; name = SelectListViewController.xib; path = ViewControllers/SelectListViewController.xib; sourceTree = "<group>"; };
		011759781ABB3B1200724BC5 /* ListTableViewCell.h */ = {isa = PBXFileReference; fileEncoding = 4; lastKnownFileType = sourcecode.c.h; name = ListTableViewCell.h; path = Views/ListTableViewCell.h; sourceTree = "<group>"; };
		011759791ABB3B1200724BC5 /* ListTableViewCell.m */ = {isa = PBXFileReference; fileEncoding = 4; lastKnownFileType = sourcecode.c.objc; name = ListTableViewCell.m; path = Views/ListTableViewCell.m; sourceTree = "<group>"; };
		0117597A1ABB3B1200724BC5 /* ListTableViewCell.xib */ = {isa = PBXFileReference; fileEncoding = 4; lastKnownFileType = file.xib; name = ListTableViewCell.xib; path = Views/ListTableViewCell.xib; sourceTree = "<group>"; };
		0117597D1ABB410600724BC5 /* SelectListRouter.h */ = {isa = PBXFileReference; fileEncoding = 4; lastKnownFileType = sourcecode.c.h; name = SelectListRouter.h; path = Routers/SelectListRouter.h; sourceTree = "<group>"; };
		0117597E1ABB410600724BC5 /* SelectListRouter.m */ = {isa = PBXFileReference; fileEncoding = 4; lastKnownFileType = sourcecode.c.objc; name = SelectListRouter.m; path = Routers/SelectListRouter.m; sourceTree = "<group>"; };
		011759811ABB429E00724BC5 /* SelectListModalTransitionAnimator.h */ = {isa = PBXFileReference; fileEncoding = 4; lastKnownFileType = sourcecode.c.h; name = SelectListModalTransitionAnimator.h; path = Transitions/SelectListModalTransitionAnimator.h; sourceTree = "<group>"; };
		011759821ABB429E00724BC5 /* SelectListModalTransitionAnimator.m */ = {isa = PBXFileReference; fileEncoding = 4; lastKnownFileType = sourcecode.c.objc; name = SelectListModalTransitionAnimator.m; path = Transitions/SelectListModalTransitionAnimator.m; sourceTree = "<group>"; };
		012176451ABC1FE700EDA095 /* List+Model.h */ = {isa = PBXFileReference; fileEncoding = 4; lastKnownFileType = sourcecode.c.h; name = "List+Model.h"; path = "Categories/List+Model.h"; sourceTree = "<group>"; };
		012176461ABC1FE700EDA095 /* List+Model.m */ = {isa = PBXFileReference; fileEncoding = 4; lastKnownFileType = sourcecode.c.objc; name = "List+Model.m"; path = "Categories/List+Model.m"; sourceTree = "<group>"; };
		012176521ABC330D00EDA095 /* ListDetailViewController.h */ = {isa = PBXFileReference; fileEncoding = 4; lastKnownFileType = sourcecode.c.h; name = ListDetailViewController.h; path = ViewControllers/ListDetailViewController.h; sourceTree = "<group>"; };
		012176531ABC330D00EDA095 /* ListDetailViewController.m */ = {isa = PBXFileReference; fileEncoding = 4; lastKnownFileType = sourcecode.c.objc; name = ListDetailViewController.m; path = ViewControllers/ListDetailViewController.m; sourceTree = "<group>"; };
		012176541ABC330D00EDA095 /* ListDetailViewController.xib */ = {isa = PBXFileReference; fileEncoding = 4; lastKnownFileType = file.xib; name = ListDetailViewController.xib; path = ViewControllers/ListDetailViewController.xib; sourceTree = "<group>"; };
		012176571ABC3D6700EDA095 /* FilmCollectionViewCellController.h */ = {isa = PBXFileReference; fileEncoding = 4; lastKnownFileType = sourcecode.c.h; name = FilmCollectionViewCellController.h; path = Controllers/FilmCollectionViewCellController.h; sourceTree = "<group>"; };
		012176581ABC3D6700EDA095 /* FilmCollectionViewCellController.m */ = {isa = PBXFileReference; fileEncoding = 4; lastKnownFileType = sourcecode.c.objc; name = FilmCollectionViewCellController.m; path = Controllers/FilmCollectionViewCellController.m; sourceTree = "<group>"; };
		0121765A1ABC3D8F00EDA095 /* FilmTableViewCell.h */ = {isa = PBXFileReference; fileEncoding = 4; lastKnownFileType = sourcecode.c.h; name = FilmTableViewCell.h; path = Views/FilmTableViewCell.h; sourceTree = "<group>"; };
		0121765B1ABC3D8F00EDA095 /* FilmTableViewCell.m */ = {isa = PBXFileReference; fileEncoding = 4; lastKnownFileType = sourcecode.c.objc; name = FilmTableViewCell.m; path = Views/FilmTableViewCell.m; sourceTree = "<group>"; };
		0121765C1ABC3D8F00EDA095 /* FilmTableViewCell.xib */ = {isa = PBXFileReference; fileEncoding = 4; lastKnownFileType = file.xib; name = FilmTableViewCell.xib; path = Views/FilmTableViewCell.xib; sourceTree = "<group>"; };
		012C6B7C1AB99F580060A49C /* FilmDetailViewController.h */ = {isa = PBXFileReference; fileEncoding = 4; lastKnownFileType = sourcecode.c.h; name = FilmDetailViewController.h; path = ViewControllers/FilmDetailViewController.h; sourceTree = "<group>"; };
		012C6B7D1AB99F580060A49C /* FilmDetailViewController.m */ = {isa = PBXFileReference; fileEncoding = 4; lastKnownFileType = sourcecode.c.objc; name = FilmDetailViewController.m; path = ViewControllers/FilmDetailViewController.m; sourceTree = "<group>"; };
		012C6B7E1AB99F580060A49C /* FilmDetailViewController.xib */ = {isa = PBXFileReference; fileEncoding = 4; lastKnownFileType = file.xib; name = FilmDetailViewController.xib; path = ViewControllers/FilmDetailViewController.xib; sourceTree = "<group>"; };
		012C6B821AB9A3D00060A49C /* BillboardFilmCollectionEventReceiver.h */ = {isa = PBXFileReference; fileEncoding = 4; lastKnownFileType = sourcecode.c.h; name = BillboardFilmCollectionEventReceiver.h; path = Delegates/EventReceiver/BillboardFilmCollectionEventReceiver.h; sourceTree = "<group>"; };
		012C6B831AB9C3EE0060A49C /* DetailFilmRouter.h */ = {isa = PBXFileReference; fileEncoding = 4; lastKnownFileType = sourcecode.c.h; name = DetailFilmRouter.h; path = Routers/DetailFilmRouter.h; sourceTree = "<group>"; };
		012C6B841AB9C3EE0060A49C /* DetailFilmRouter.m */ = {isa = PBXFileReference; fileEncoding = 4; lastKnownFileType = sourcecode.c.objc; name = DetailFilmRouter.m; path = Routers/DetailFilmRouter.m; sourceTree = "<group>"; };
		012C6B861AB9D3290060A49C /* LoadFilmInteractor.h */ = {isa = PBXFileReference; fileEncoding = 4; lastKnownFileType = sourcecode.c.h; name = LoadFilmInteractor.h; path = Interactors/LoadFilmInteractor.h; sourceTree = "<group>"; };
		012C6B871AB9D3290060A49C /* LoadFilmInteractor.m */ = {isa = PBXFileReference; fileEncoding = 4; lastKnownFileType = sourcecode.c.objc; name = LoadFilmInteractor.m; path = Interactors/LoadFilmInteractor.m; sourceTree = "<group>"; };
		012C6B891ABA000E0060A49C /* FetchAllListsInteractor.h */ = {isa = PBXFileReference; fileEncoding = 4; lastKnownFileType = sourcecode.c.h; name = FetchAllListsInteractor.h; path = Interactors/FetchAllListsInteractor.h; sourceTree = "<group>"; };
		012C6B8A1ABA000E0060A49C /* FetchAllListsInteractor.m */ = {isa = PBXFileReference; fileEncoding = 4; lastKnownFileType = sourcecode.c.objc; name = FetchAllListsInteractor.m; path = Interactors/FetchAllListsInteractor.m; sourceTree = "<group>"; };
		012C6B8C1ABA006D0060A49C /* ListsCollectionViewController.h */ = {isa = PBXFileReference; fileEncoding = 4; lastKnownFileType = sourcecode.c.h; name = ListsCollectionViewController.h; path = ViewControllers/ListsCollectionViewController.h; sourceTree = "<group>"; };
		012C6B8D1ABA006D0060A49C /* ListsCollectionViewController.m */ = {isa = PBXFileReference; fileEncoding = 4; lastKnownFileType = sourcecode.c.objc; name = ListsCollectionViewController.m; path = ViewControllers/ListsCollectionViewController.m; sourceTree = "<group>"; };
		012C6B8E1ABA006D0060A49C /* ListsCollectionViewController.xib */ = {isa = PBXFileReference; fileEncoding = 4; lastKnownFileType = file.xib; name = ListsCollectionViewController.xib; path = ViewControllers/ListsCollectionViewController.xib; sourceTree = "<group>"; };
		012C6B911ABA01560060A49C /* ListsCollectionRouter.h */ = {isa = PBXFileReference; fileEncoding = 4; lastKnownFileType = sourcecode.c.h; name = ListsCollectionRouter.h; path = Routers/ListsCollectionRouter.h; sourceTree = "<group>"; };
		012C6B921ABA01560060A49C /* ListsCollectionRouter.m */ = {isa = PBXFileReference; fileEncoding = 4; lastKnownFileType = sourcecode.c.objc; name = ListsCollectionRouter.m; path = Routers/ListsCollectionRouter.m; sourceTree = "<group>"; };
		012C6B941ABA0A070060A49C /* FilmListCollectionViewCell.h */ = {isa = PBXFileReference; fileEncoding = 4; lastKnownFileType = sourcecode.c.h; name = FilmListCollectionViewCell.h; path = Views/FilmListCollectionViewCell.h; sourceTree = "<group>"; };
		012C6B951ABA0A070060A49C /* FilmListCollectionViewCell.m */ = {isa = PBXFileReference; fileEncoding = 4; lastKnownFileType = sourcecode.c.objc; name = FilmListCollectionViewCell.m; path = Views/FilmListCollectionViewCell.m; sourceTree = "<group>"; };
		012C6B961ABA0A070060A49C /* FilmListCollectionViewCell.xib */ = {isa = PBXFileReference; fileEncoding = 4; lastKnownFileType = file.xib; name = FilmListCollectionViewCell.xib; path = Views/FilmListCollectionViewCell.xib; sourceTree = "<group>"; };
		012C6B9E1ABA0EE70060A49C /* FilmListCollectionViewCellController.h */ = {isa = PBXFileReference; fileEncoding = 4; lastKnownFileType = sourcecode.c.h; name = FilmListCollectionViewCellController.h; path = Controllers/FilmListCollectionViewCellController.h; sourceTree = "<group>"; };
		012C6B9F1ABA0EE70060A49C /* FilmListCollectionViewCellController.m */ = {isa = PBXFileReference; fileEncoding = 4; lastKnownFileType = sourcecode.c.objc; name = FilmListCollectionViewCellController.m; path = Controllers/FilmListCollectionViewCellController.m; sourceTree = "<group>"; };
		012C6BA41ABA107D0060A49C /* ListDTO.h */ = {isa = PBXFileReference; fileEncoding = 4; lastKnownFileType = sourcecode.c.h; name = ListDTO.h; path = Entities/ListDTO.h; sourceTree = "<group>"; };
		012C6BA51ABA107D0060A49C /* ListDTO.m */ = {isa = PBXFileReference; fileEncoding = 4; lastKnownFileType = sourcecode.c.objc; name = ListDTO.m; path = Entities/ListDTO.m; sourceTree = "<group>"; };
		012C6BA81ABA13C30060A49C /* LocalListsProvider.h */ = {isa = PBXFileReference; fileEncoding = 4; lastKnownFileType = sourcecode.c.h; name = LocalListsProvider.h; path = Providers/LocalListsProvider.h; sourceTree = "<group>"; };
		012C6BA91ABA14A70060A49C /* LocalCoreDataListsProvider.h */ = {isa = PBXFileReference; fileEncoding = 4; lastKnownFileType = sourcecode.c.h; name = LocalCoreDataListsProvider.h; path = Providers/LocalCoreDataListsProvider.h; sourceTree = "<group>"; };
		012C6BAA1ABA14A70060A49C /* LocalCoreDataListsProvider.m */ = {isa = PBXFileReference; fileEncoding = 4; lastKnownFileType = sourcecode.c.objc; name = LocalCoreDataListsProvider.m; path = Providers/LocalCoreDataListsProvider.m; sourceTree = "<group>"; };
		013955661ABAD7A500BC745D /* List.h */ = {isa = PBXFileReference; fileEncoding = 4; lastKnownFileType = sourcecode.c.h; name = List.h; path = Entities/List.h; sourceTree = "<group>"; };
		013955671ABAD7A500BC745D /* List.m */ = {isa = PBXFileReference; fileEncoding = 4; lastKnownFileType = sourcecode.c.objc; name = List.m; path = Entities/List.m; sourceTree = "<group>"; };
		013955691ABAD8EA00BC745D /* ListDTOParser.h */ = {isa = PBXFileReference; fileEncoding = 4; lastKnownFileType = sourcecode.c.h; name = ListDTOParser.h; path = Parsers/ListDTOParser.h; sourceTree = "<group>"; };
		0139556A1ABAD8EA00BC745D /* ListDTOParser.m */ = {isa = PBXFileReference; fileEncoding = 4; lastKnownFileType = sourcecode.c.objc; name = ListDTOParser.m; path = Parsers/ListDTOParser.m; sourceTree = "<group>"; };
		015834481AB8223B007E0AC4 /* APIVars.h */ = {isa = PBXFileReference; fileEncoding = 4; lastKnownFileType = sourcecode.c.h; name = APIVars.h; path = Master/APIVars.h; sourceTree = "<group>"; };
		015834491AB8223B007E0AC4 /* APIVars.m */ = {isa = PBXFileReference; fileEncoding = 4; lastKnownFileType = sourcecode.c.objc; name = APIVars.m; path = Master/APIVars.m; sourceTree = "<group>"; };
		0158344B1AB84A88007E0AC4 /* RequestManager.h */ = {isa = PBXFileReference; fileEncoding = 4; lastKnownFileType = sourcecode.c.h; name = RequestManager.h; path = RequestManagers/RequestManager.h; sourceTree = "<group>"; };
		0158344D1AB84AAA007E0AC4 /* RequestManagerFactory.h */ = {isa = PBXFileReference; fileEncoding = 4; lastKnownFileType = sourcecode.c.h; name = RequestManagerFactory.h; path = Factories/RequestManagerFactory.h; sourceTree = "<group>"; };
		0158344E1AB84AAA007E0AC4 /* RequestManagerFactory.m */ = {isa = PBXFileReference; fileEncoding = 4; lastKnownFileType = sourcecode.c.objc; name = RequestManagerFactory.m; path = Factories/RequestManagerFactory.m; sourceTree = "<group>"; };
		015834501AB84E93007E0AC4 /* JARequestManager.h */ = {isa = PBXFileReference; fileEncoding = 4; lastKnownFileType = sourcecode.c.h; name = JARequestManager.h; path = RequestManagers/JARequestManager.h; sourceTree = "<group>"; };
		015834511AB84E93007E0AC4 /* JARequestManager.m */ = {isa = PBXFileReference; fileEncoding = 4; lastKnownFileType = sourcecode.c.objc; name = JARequestManager.m; path = RequestManagers/JARequestManager.m; sourceTree = "<group>"; };
		015834541AB862B4007E0AC4 /* URLHelper.h */ = {isa = PBXFileReference; fileEncoding = 4; lastKnownFileType = sourcecode.c.h; name = URLHelper.h; path = Helpers/URLHelper.h; sourceTree = "<group>"; };
		015834551AB862B4007E0AC4 /* URLHelper.m */ = {isa = PBXFileReference; fileEncoding = 4; lastKnownFileType = sourcecode.c.objc; name = URLHelper.m; path = Helpers/URLHelper.m; sourceTree = "<group>"; };
		015834591AB86508007E0AC4 /* FilmDTO.h */ = {isa = PBXFileReference; fileEncoding = 4; lastKnownFileType = sourcecode.c.h; name = FilmDTO.h; path = Entities/FilmDTO.h; sourceTree = "<group>"; };
		0158345A1AB86508007E0AC4 /* FilmDTO.m */ = {isa = PBXFileReference; fileEncoding = 4; lastKnownFileType = sourcecode.c.objc; name = FilmDTO.m; path = Entities/FilmDTO.m; sourceTree = "<group>"; };
		0158345C1AB86633007E0AC4 /* FilmDTOParser.h */ = {isa = PBXFileReference; fileEncoding = 4; lastKnownFileType = sourcecode.c.h; name = FilmDTOParser.h; path = Parsers/FilmDTOParser.h; sourceTree = "<group>"; };
		0158345D1AB86633007E0AC4 /* FilmDTOParser.m */ = {isa = PBXFileReference; fileEncoding = 4; lastKnownFileType = sourcecode.c.objc; name = FilmDTOParser.m; path = Parsers/FilmDTOParser.m; sourceTree = "<group>"; };
		015AB1771ABC3F0100D2CBAA /* DetailListRouter.h */ = {isa = PBXFileReference; fileEncoding = 4; lastKnownFileType = sourcecode.c.h; name = DetailListRouter.h; path = Routers/DetailListRouter.h; sourceTree = "<group>"; };
		015AB1781ABC3F0100D2CBAA /* DetailListRouter.m */ = {isa = PBXFileReference; fileEncoding = 4; lastKnownFileType = sourcecode.c.objc; name = DetailListRouter.m; path = Routers/DetailListRouter.m; sourceTree = "<group>"; };
		015AB17A1ABC6A3000D2CBAA /* SearchFilmViewController.h */ = {isa = PBXFileReference; fileEncoding = 4; lastKnownFileType = sourcecode.c.h; name = SearchFilmViewController.h; path = ViewControllers/SearchFilmViewController.h; sourceTree = "<group>"; };
		015AB17B1ABC6A3000D2CBAA /* SearchFilmViewController.m */ = {isa = PBXFileReference; fileEncoding = 4; lastKnownFileType = sourcecode.c.objc; name = SearchFilmViewController.m; path = ViewControllers/SearchFilmViewController.m; sourceTree = "<group>"; };
		015AB17C1ABC6A3000D2CBAA /* SearchFilmViewController.xib */ = {isa = PBXFileReference; fileEncoding = 4; lastKnownFileType = file.xib; name = SearchFilmViewController.xib; path = ViewControllers/SearchFilmViewController.xib; sourceTree = "<group>"; };
		015AB17F1ABC6C3800D2CBAA /* LoadPopularFilmsInteractor.h */ = {isa = PBXFileReference; fileEncoding = 4; lastKnownFileType = sourcecode.c.h; name = LoadPopularFilmsInteractor.h; path = Interactors/LoadPopularFilmsInteractor.h; sourceTree = "<group>"; };
		015AB1801ABC6C3800D2CBAA /* LoadPopularFilmsInteractor.m */ = {isa = PBXFileReference; fileEncoding = 4; lastKnownFileType = sourcecode.c.objc; name = LoadPopularFilmsInteractor.m; path = Interactors/LoadPopularFilmsInteractor.m; sourceTree = "<group>"; };
		015AB1821ABC6E7E00D2CBAA /* SearchFilmTableViewCellController.h */ = {isa = PBXFileReference; fileEncoding = 4; lastKnownFileType = sourcecode.c.h; name = SearchFilmTableViewCellController.h; path = Controllers/SearchFilmTableViewCellController.h; sourceTree = "<group>"; };
		015AB1831ABC6E7E00D2CBAA /* SearchFilmTableViewCellController.m */ = {isa = PBXFileReference; fileEncoding = 4; lastKnownFileType = sourcecode.c.objc; name = SearchFilmTableViewCellController.m; path = Controllers/SearchFilmTableViewCellController.m; sourceTree = "<group>"; };
		015AB1851ABC78BD00D2CBAA /* SearchFilmRouter.h */ = {isa = PBXFileReference; fileEncoding = 4; lastKnownFileType = sourcecode.c.h; name = SearchFilmRouter.h; path = Routers/SearchFilmRouter.h; sourceTree = "<group>"; };
		015AB1861ABC78BD00D2CBAA /* SearchFilmRouter.m */ = {isa = PBXFileReference; fileEncoding = 4; lastKnownFileType = sourcecode.c.objc; name = SearchFilmRouter.m; path = Routers/SearchFilmRouter.m; sourceTree = "<group>"; };
		015AB1881ABC827C00D2CBAA /* SearchFilmInteractor.h */ = {isa = PBXFileReference; fileEncoding = 4; lastKnownFileType = sourcecode.c.h; name = SearchFilmInteractor.h; path = Interactors/SearchFilmInteractor.h; sourceTree = "<group>"; };
		015AB1891ABC827C00D2CBAA /* SearchFilmInteractor.m */ = {isa = PBXFileReference; fileEncoding = 4; lastKnownFileType = sourcecode.c.objc; name = SearchFilmInteractor.m; path = Interactors/SearchFilmInteractor.m; sourceTree = "<group>"; };
		018F9DCA1AB88D270046D3C4 /* LocalFilmsProvider.h */ = {isa = PBXFileReference; fileEncoding = 4; lastKnownFileType = sourcecode.c.h; name = LocalFilmsProvider.h; path = Providers/LocalFilmsProvider.h; sourceTree = "<group>"; };
		018F9DCB1AB896200046D3C4 /* LocalCoreDataFilmsProvider.h */ = {isa = PBXFileReference; fileEncoding = 4; lastKnownFileType = sourcecode.c.h; name = LocalCoreDataFilmsProvider.h; path = Providers/LocalCoreDataFilmsProvider.h; sourceTree = "<group>"; };
		018F9DCC1AB896200046D3C4 /* LocalCoreDataFilmsProvider.m */ = {isa = PBXFileReference; fileEncoding = 4; lastKnownFileType = sourcecode.c.objc; name = LocalCoreDataFilmsProvider.m; path = Providers/LocalCoreDataFilmsProvider.m; sourceTree = "<group>"; };
		018F9DCE1AB896F90046D3C4 /* CoreDataManager.h */ = {isa = PBXFileReference; fileEncoding = 4; lastKnownFileType = sourcecode.c.h; name = CoreDataManager.h; path = CoreData/CoreDataManager.h; sourceTree = "<group>"; };
		018F9DCF1AB896F90046D3C4 /* CoreDataManager.m */ = {isa = PBXFileReference; fileEncoding = 4; lastKnownFileType = sourcecode.c.objc; name = CoreDataManager.m; path = CoreData/CoreDataManager.m; sourceTree = "<group>"; };
		018F9DD21AB89B4D0046D3C4 /* Film+Model.h */ = {isa = PBXFileReference; fileEncoding = 4; lastKnownFileType = sourcecode.c.h; name = "Film+Model.h"; path = "Categories/Film+Model.h"; sourceTree = "<group>"; };
		018F9DD31AB89B4D0046D3C4 /* Film+Model.m */ = {isa = PBXFileReference; fileEncoding = 4; lastKnownFileType = sourcecode.c.objc; name = "Film+Model.m"; path = "Categories/Film+Model.m"; sourceTree = "<group>"; };
		018F9DD51AB8AAF50046D3C4 /* Film.h */ = {isa = PBXFileReference; fileEncoding = 4; lastKnownFileType = sourcecode.c.h; name = Film.h; path = Entities/Film.h; sourceTree = "<group>"; };
		018F9DD61AB8AAF50046D3C4 /* Film.m */ = {isa = PBXFileReference; fileEncoding = 4; lastKnownFileType = sourcecode.c.objc; name = Film.m; path = Entities/Film.m; sourceTree = "<group>"; };
		01F0C0F01AC1A0220009E061 /* UISearchBar+Custom.h */ = {isa = PBXFileReference; fileEncoding = 4; lastKnownFileType = sourcecode.c.h; name = "UISearchBar+Custom.h"; path = "Categories/UISearchBar+Custom.h"; sourceTree = "<group>"; };
		01F0C0F11AC1A0220009E061 /* UISearchBar+Custom.m */ = {isa = PBXFileReference; fileEncoding = 4; lastKnownFileType = sourcecode.c.objc; name = "UISearchBar+Custom.m"; path = "Categories/UISearchBar+Custom.m"; sourceTree = "<group>"; };
		57E47FC539F669D5601D3966 /* Pods.debug.xcconfig */ = {isa = PBXFileReference; includeInIndex = 1; lastKnownFileType = text.xcconfig; name = Pods.debug.xcconfig; path = "Pods/Target Support Files/Pods/Pods.debug.xcconfig"; sourceTree = "<group>"; };
		EFBDA11DA5EC569FCCB52E47 /* Pods.release.xcconfig */ = {isa = PBXFileReference; includeInIndex = 1; lastKnownFileType = text.xcconfig; name = Pods.release.xcconfig; path = "Pods/Target Support Files/Pods/Pods.release.xcconfig"; sourceTree = "<group>"; };
		F855DE3F67C9EF3B55C10712 /* libPods.a */ = {isa = PBXFileReference; explicitFileType = archive.ar; includeInIndex = 0; path = libPods.a; sourceTree = BUILT_PRODUCTS_DIR; };
/* End PBXFileReference section */

/* Begin PBXFrameworksBuildPhase section */
		01068EC51AB7011D0017F91A /* Frameworks */ = {
			isa = PBXFrameworksBuildPhase;
			buildActionMask = 2147483647;
			files = (
				F2F038238A73F7DA954B4244 /* libPods.a in Frameworks */,
			);
			runOnlyForDeploymentPostprocessing = 0;
		};
		01068EE11AB7011D0017F91A /* Frameworks */ = {
			isa = PBXFrameworksBuildPhase;
			buildActionMask = 2147483647;
			files = (
			);
			runOnlyForDeploymentPostprocessing = 0;
		};
/* End PBXFrameworksBuildPhase section */

/* Begin PBXGroup section */
		01068EBF1AB7011D0017F91A = {
			isa = PBXGroup;
			children = (
				01068ECA1AB7011D0017F91A /* KinoApp */,
				01068EE71AB7011D0017F91A /* KinoAppTests */,
				01068EC91AB7011D0017F91A /* Products */,
				0B24B96251924E16800F2BD5 /* Pods */,
				FDD7A8A9263F036ADBA22C69 /* Frameworks */,
			);
			sourceTree = "<group>";
		};
		01068EC91AB7011D0017F91A /* Products */ = {
			isa = PBXGroup;
			children = (
				01068EC81AB7011D0017F91A /* KinoApp.app */,
				01068EE41AB7011D0017F91A /* KinoAppTests.xctest */,
			);
			name = Products;
			sourceTree = "<group>";
		};
		01068ECA1AB7011D0017F91A /* KinoApp */ = {
			isa = PBXGroup;
			children = (
				01068ECF1AB7011D0017F91A /* AppDelegate.h */,
				01068ED01AB7011D0017F91A /* AppDelegate.m */,
				015834471AB821D3007E0AC4 /* Master */,
				015834581AB864ED007E0AC4 /* Entities */,
				018F9DD11AB89B2A0046D3C4 /* Categories */,
				01068EF41AB701D10017F91A /* Routers */,
				011759801ABB424E00724BC5 /* Transitions */,
				015834571AB8635B007E0AC4 /* Parsers */,
				015834531AB862A4007E0AC4 /* Helpers */,
				01068EF71AB701EA0017F91A /* RequestManagers */,
				0158344C1AB84A90007E0AC4 /* Factories */,
				01068EF61AB701E40017F91A /* Providers */,
				01068EF51AB701DA0017F91A /* Interactors */,
				01068F3D1AB72EB00017F91A /* Delegates */,
				012C6B9D1ABA0EBA0060A49C /* Controllers */,
				01068EF81AB701F40017F91A /* ViewControllers */,
				01068EFD1AB703B40017F91A /* Views */,
				01068EF91AB702A30017F91A /* CoreData */,
				01068EDB1AB7011D0017F91A /* Images.xcassets */,
				01068EDD1AB7011D0017F91A /* LaunchScreen.xib */,
				01068ECB1AB7011D0017F91A /* Supporting Files */,
			);
			path = KinoApp;
			sourceTree = "<group>";
		};
		01068ECB1AB7011D0017F91A /* Supporting Files */ = {
			isa = PBXGroup;
			children = (
				01068ECC1AB7011D0017F91A /* Info.plist */,
				01068ECD1AB7011D0017F91A /* main.m */,
			);
			name = "Supporting Files";
			sourceTree = "<group>";
		};
		01068EE71AB7011D0017F91A /* KinoAppTests */ = {
			isa = PBXGroup;
			children = (
				01068EEA1AB7011D0017F91A /* KinoAppTests.m */,
				01068EE81AB7011D0017F91A /* Supporting Files */,
			);
			path = KinoAppTests;
			sourceTree = "<group>";
		};
		01068EE81AB7011D0017F91A /* Supporting Files */ = {
			isa = PBXGroup;
			children = (
				01068EE91AB7011D0017F91A /* Info.plist */,
			);
			name = "Supporting Files";
			sourceTree = "<group>";
		};
		01068EF41AB701D10017F91A /* Routers */ = {
			isa = PBXGroup;
			children = (
				01068F031AB710D70017F91A /* MainRouter.h */,
				01068F041AB710D70017F91A /* MainRouter.m */,
				01068F321AB725630017F91A /* BillboardRouter.h */,
				01068F331AB725630017F91A /* BillboardRouter.m */,
				012C6B831AB9C3EE0060A49C /* DetailFilmRouter.h */,
				012C6B841AB9C3EE0060A49C /* DetailFilmRouter.m */,
				012C6B911ABA01560060A49C /* ListsCollectionRouter.h */,
				012C6B921ABA01560060A49C /* ListsCollectionRouter.m */,
				0117597D1ABB410600724BC5 /* SelectListRouter.h */,
				0117597E1ABB410600724BC5 /* SelectListRouter.m */,
				015AB1771ABC3F0100D2CBAA /* DetailListRouter.h */,
				015AB1781ABC3F0100D2CBAA /* DetailListRouter.m */,
				015AB1851ABC78BD00D2CBAA /* SearchFilmRouter.h */,
				015AB1861ABC78BD00D2CBAA /* SearchFilmRouter.m */,
			);
			name = Routers;
			sourceTree = "<group>";
		};
		01068EF51AB701DA0017F91A /* Interactors */ = {
			isa = PBXGroup;
			children = (
				01068F481AB74E1F0017F91A /* LoadUpcomingFilmsInteractor.h */,
				01068F491AB74E1F0017F91A /* LoadUpcomingFilmsInteractor.m */,
				01068F4B1AB74F2F0017F91A /* LoadPlayingNowInteractor.h */,
				01068F4C1AB74F2F0017F91A /* LoadPlayingNowInteractor.m */,
				01068F5A1AB7558F0017F91A /* BillboardFilmsInteractor.h */,
				012C6B861AB9D3290060A49C /* LoadFilmInteractor.h */,
				012C6B871AB9D3290060A49C /* LoadFilmInteractor.m */,
				012C6B891ABA000E0060A49C /* FetchAllListsInteractor.h */,
				012C6B8A1ABA000E0060A49C /* FetchAllListsInteractor.m */,
				011759701ABB291F00724BC5 /* AddFilmToListInteractor.h */,
				011759711ABB291F00724BC5 /* AddFilmToListInteractor.m */,
				015AB17F1ABC6C3800D2CBAA /* LoadPopularFilmsInteractor.h */,
				015AB1801ABC6C3800D2CBAA /* LoadPopularFilmsInteractor.m */,
				015AB1881ABC827C00D2CBAA /* SearchFilmInteractor.h */,
				015AB1891ABC827C00D2CBAA /* SearchFilmInteractor.m */,
			);
			name = Interactors;
			sourceTree = "<group>";
		};
		01068EF61AB701E40017F91A /* Providers */ = {
			isa = PBXGroup;
			children = (
				01068F441AB746F80017F91A /* ExternalFilmsProvider.h */,
				01068F451AB747F00017F91A /* ExternalTMDBProvider.h */,
				01068F461AB747F00017F91A /* ExternalTMDBProvider.m */,
				018F9DCA1AB88D270046D3C4 /* LocalFilmsProvider.h */,
				018F9DCB1AB896200046D3C4 /* LocalCoreDataFilmsProvider.h */,
				018F9DCC1AB896200046D3C4 /* LocalCoreDataFilmsProvider.m */,
				012C6BA81ABA13C30060A49C /* LocalListsProvider.h */,
				012C6BA91ABA14A70060A49C /* LocalCoreDataListsProvider.h */,
				012C6BAA1ABA14A70060A49C /* LocalCoreDataListsProvider.m */,
			);
			name = Providers;
			sourceTree = "<group>";
		};
		01068EF71AB701EA0017F91A /* RequestManagers */ = {
			isa = PBXGroup;
			children = (
				0158344B1AB84A88007E0AC4 /* RequestManager.h */,
				015834501AB84E93007E0AC4 /* JARequestManager.h */,
				015834511AB84E93007E0AC4 /* JARequestManager.m */,
			);
			name = RequestManagers;
			sourceTree = "<group>";
		};
		01068EF81AB701F40017F91A /* ViewControllers */ = {
			isa = PBXGroup;
			children = (
				01068F2D1AB725490017F91A /* BillboardViewController.h */,
				01068F2E1AB725490017F91A /* BillboardViewController.m */,
				01068F2F1AB725490017F91A /* BillboardViewController.xib */,
				012C6B7C1AB99F580060A49C /* FilmDetailViewController.h */,
				012C6B7D1AB99F580060A49C /* FilmDetailViewController.m */,
				012C6B7E1AB99F580060A49C /* FilmDetailViewController.xib */,
				012C6B8C1ABA006D0060A49C /* ListsCollectionViewController.h */,
				012C6B8D1ABA006D0060A49C /* ListsCollectionViewController.m */,
				012C6B8E1ABA006D0060A49C /* ListsCollectionViewController.xib */,
				011759731ABB390600724BC5 /* SelectListViewController.h */,
				011759741ABB390600724BC5 /* SelectListViewController.m */,
				011759751ABB390600724BC5 /* SelectListViewController.xib */,
				012176521ABC330D00EDA095 /* ListDetailViewController.h */,
				012176531ABC330D00EDA095 /* ListDetailViewController.m */,
				012176541ABC330D00EDA095 /* ListDetailViewController.xib */,
				015AB17A1ABC6A3000D2CBAA /* SearchFilmViewController.h */,
				015AB17B1ABC6A3000D2CBAA /* SearchFilmViewController.m */,
				015AB17C1ABC6A3000D2CBAA /* SearchFilmViewController.xib */,
			);
			name = ViewControllers;
			sourceTree = "<group>";
		};
		01068EF91AB702A30017F91A /* CoreData */ = {
			isa = PBXGroup;
			children = (
				01068ED21AB7011D0017F91A /* KinoApp.xcdatamodeld */,
				01068EFA1AB702CC0017F91A /* CoreDataStack.h */,
				01068EFB1AB702CC0017F91A /* CoreDataStack.m */,
				018F9DCE1AB896F90046D3C4 /* CoreDataManager.h */,
				018F9DCF1AB896F90046D3C4 /* CoreDataManager.m */,
			);
			name = CoreData;
			sourceTree = "<group>";
		};
		01068EFD1AB703B40017F91A /* Views */ = {
			isa = PBXGroup;
			children = (
				01068EFE1AB703CE0017F91A /* Main.storyboard */,
				01068F4E1AB752840017F91A /* CollectionFilmsCollectionViewCell.h */,
				01068F4F1AB752840017F91A /* CollectionFilmsCollectionViewCell.m */,
				01068F501AB752840017F91A /* CollectionFilmsCollectionViewCell.xib */,
				013955721ABAE05800BC745D /* ListsCells */,
				0121765F1ABC3D9300EDA095 /* FilmCells */,
			);
			name = Views;
			sourceTree = "<group>";
		};
		01068F3D1AB72EB00017F91A /* Delegates */ = {
			isa = PBXGroup;
			children = (
				012C6B811AB9A37D0060A49C /* EventsReceivers */,
				01068F3E1AB72ECB0017F91A /* BillboardCollectionDelegate.h */,
				01068F3F1AB72ECB0017F91A /* BillboardCollectionDelegate.m */,
				01068F411AB733730017F91A /* BillboardCollectionDelegateProtocol.h */,
				01068F561AB7546A0017F91A /* BillboardFilmsCollectionDelegate.h */,
				01068F571AB7546A0017F91A /* BillboardFilmsCollectionDelegate.m */,
				01068F591AB754810017F91A /* FilmsCollectionDelegate.h */,
			);
			name = Delegates;
			sourceTree = "<group>";
		};
		011759801ABB424E00724BC5 /* Transitions */ = {
			isa = PBXGroup;
			children = (
				011759811ABB429E00724BC5 /* SelectListModalTransitionAnimator.h */,
				011759821ABB429E00724BC5 /* SelectListModalTransitionAnimator.m */,
			);
			name = Transitions;
			sourceTree = "<group>";
		};
		0121765F1ABC3D9300EDA095 /* FilmCells */ = {
			isa = PBXGroup;
			children = (
				01068F381AB72D480017F91A /* BillboardFilmCollectionViewCell.h */,
				01068F391AB72D480017F91A /* BillboardFilmCollectionViewCell.m */,
				01068F3A1AB72D480017F91A /* BillboardFilmCollectionViewCell.xib */,
				0121765A1ABC3D8F00EDA095 /* FilmTableViewCell.h */,
				0121765B1ABC3D8F00EDA095 /* FilmTableViewCell.m */,
				0121765C1ABC3D8F00EDA095 /* FilmTableViewCell.xib */,
			);
			name = FilmCells;
			sourceTree = "<group>";
		};
		012C6B811AB9A37D0060A49C /* EventsReceivers */ = {
			isa = PBXGroup;
			children = (
				012C6B821AB9A3D00060A49C /* BillboardFilmCollectionEventReceiver.h */,
			);
			name = EventsReceivers;
			sourceTree = "<group>";
		};
		012C6B9D1ABA0EBA0060A49C /* Controllers */ = {
			isa = PBXGroup;
			children = (
				012C6B9E1ABA0EE70060A49C /* FilmListCollectionViewCellController.h */,
				012C6B9F1ABA0EE70060A49C /* FilmListCollectionViewCellController.m */,
				012176571ABC3D6700EDA095 /* FilmCollectionViewCellController.h */,
				012176581ABC3D6700EDA095 /* FilmCollectionViewCellController.m */,
				015AB1821ABC6E7E00D2CBAA /* SearchFilmTableViewCellController.h */,
				015AB1831ABC6E7E00D2CBAA /* SearchFilmTableViewCellController.m */,
			);
			name = Controllers;
			sourceTree = "<group>";
		};
		013955721ABAE05800BC745D /* ListsCells */ = {
			isa = PBXGroup;
			children = (
				012C6B941ABA0A070060A49C /* FilmListCollectionViewCell.h */,
				012C6B951ABA0A070060A49C /* FilmListCollectionViewCell.m */,
				012C6B961ABA0A070060A49C /* FilmListCollectionViewCell.xib */,
				011759781ABB3B1200724BC5 /* ListTableViewCell.h */,
				011759791ABB3B1200724BC5 /* ListTableViewCell.m */,
				0117597A1ABB3B1200724BC5 /* ListTableViewCell.xib */,
			);
			name = ListsCells;
			sourceTree = "<group>";
		};
		015834471AB821D3007E0AC4 /* Master */ = {
			isa = PBXGroup;
			children = (
				015834481AB8223B007E0AC4 /* APIVars.h */,
				015834491AB8223B007E0AC4 /* APIVars.m */,
			);
			name = Master;
			sourceTree = "<group>";
		};
		0158344C1AB84A90007E0AC4 /* Factories */ = {
			isa = PBXGroup;
			children = (
				0158344D1AB84AAA007E0AC4 /* RequestManagerFactory.h */,
				0158344E1AB84AAA007E0AC4 /* RequestManagerFactory.m */,
				0117596D1ABAF5E700724BC5 /* ControllersFactory.h */,
				0117596E1ABAF5E700724BC5 /* ControllersFactory.m */,
			);
			name = Factories;
			sourceTree = "<group>";
		};
		015834531AB862A4007E0AC4 /* Helpers */ = {
			isa = PBXGroup;
			children = (
				015834541AB862B4007E0AC4 /* URLHelper.h */,
				015834551AB862B4007E0AC4 /* URLHelper.m */,
			);
			name = Helpers;
			sourceTree = "<group>";
		};
		015834571AB8635B007E0AC4 /* Parsers */ = {
			isa = PBXGroup;
			children = (
				0158345C1AB86633007E0AC4 /* FilmDTOParser.h */,
				0158345D1AB86633007E0AC4 /* FilmDTOParser.m */,
				013955691ABAD8EA00BC745D /* ListDTOParser.h */,
				0139556A1ABAD8EA00BC745D /* ListDTOParser.m */,
			);
			name = Parsers;
			sourceTree = "<group>";
		};
		015834581AB864ED007E0AC4 /* Entities */ = {
			isa = PBXGroup;
			children = (
				013955661ABAD7A500BC745D /* List.h */,
				013955671ABAD7A500BC745D /* List.m */,
				015834591AB86508007E0AC4 /* FilmDTO.h */,
				0158345A1AB86508007E0AC4 /* FilmDTO.m */,
				018F9DD51AB8AAF50046D3C4 /* Film.h */,
				018F9DD61AB8AAF50046D3C4 /* Film.m */,
				012C6BA41ABA107D0060A49C /* ListDTO.h */,
				012C6BA51ABA107D0060A49C /* ListDTO.m */,
			);
			name = Entities;
			sourceTree = "<group>";
		};
		018F9DD11AB89B2A0046D3C4 /* Categories */ = {
			isa = PBXGroup;
			children = (
				018F9DD21AB89B4D0046D3C4 /* Film+Model.h */,
				018F9DD31AB89B4D0046D3C4 /* Film+Model.m */,
				012176451ABC1FE700EDA095 /* List+Model.h */,
				012176461ABC1FE700EDA095 /* List+Model.m */,
				01038D1D1AC0516200B88A8A /* UIColor+Custom.h */,
				01038D1E1AC0516200B88A8A /* UIColor+Custom.m */,
				01038D201AC05A2800B88A8A /* UIFont+Custom.h */,
				01038D211AC05A2800B88A8A /* UIFont+Custom.m */,
				01F0C0F01AC1A0220009E061 /* UISearchBar+Custom.h */,
				01F0C0F11AC1A0220009E061 /* UISearchBar+Custom.m */,
			);
			name = Categories;
			sourceTree = "<group>";
		};
		0B24B96251924E16800F2BD5 /* Pods */ = {
			isa = PBXGroup;
			children = (
				57E47FC539F669D5601D3966 /* Pods.debug.xcconfig */,
				EFBDA11DA5EC569FCCB52E47 /* Pods.release.xcconfig */,
			);
			name = Pods;
			sourceTree = "<group>";
		};
		FDD7A8A9263F036ADBA22C69 /* Frameworks */ = {
			isa = PBXGroup;
			children = (
				F855DE3F67C9EF3B55C10712 /* libPods.a */,
			);
			name = Frameworks;
			sourceTree = "<group>";
		};
/* End PBXGroup section */

/* Begin PBXNativeTarget section */
		01068EC71AB7011D0017F91A /* KinoApp */ = {
			isa = PBXNativeTarget;
			buildConfigurationList = 01068EEE1AB7011D0017F91A /* Build configuration list for PBXNativeTarget "KinoApp" */;
			buildPhases = (
				961A9D546CA7628ED1D9855A /* Check Pods Manifest.lock */,
				01068EC41AB7011D0017F91A /* Sources */,
				01068EC51AB7011D0017F91A /* Frameworks */,
				01068EC61AB7011D0017F91A /* Resources */,
				5B6F01DA284C0ED64B4A0427 /* Copy Pods Resources */,
			);
			buildRules = (
			);
			dependencies = (
			);
			name = KinoApp;
			productName = KinoApp;
			productReference = 01068EC81AB7011D0017F91A /* KinoApp.app */;
			productType = "com.apple.product-type.application";
		};
		01068EE31AB7011D0017F91A /* KinoAppTests */ = {
			isa = PBXNativeTarget;
			buildConfigurationList = 01068EF11AB7011D0017F91A /* Build configuration list for PBXNativeTarget "KinoAppTests" */;
			buildPhases = (
				01068EE01AB7011D0017F91A /* Sources */,
				01068EE11AB7011D0017F91A /* Frameworks */,
				01068EE21AB7011D0017F91A /* Resources */,
			);
			buildRules = (
			);
			dependencies = (
				01068EE61AB7011D0017F91A /* PBXTargetDependency */,
			);
			name = KinoAppTests;
			productName = KinoAppTests;
			productReference = 01068EE41AB7011D0017F91A /* KinoAppTests.xctest */;
			productType = "com.apple.product-type.bundle.unit-test";
		};
/* End PBXNativeTarget section */

/* Begin PBXProject section */
		01068EC01AB7011D0017F91A /* Project object */ = {
			isa = PBXProject;
			attributes = {
				LastUpgradeCheck = 0620;
				ORGANIZATIONNAME = Julian;
				TargetAttributes = {
					01068EC71AB7011D0017F91A = {
						CreatedOnToolsVersion = 6.2;
					};
					01068EE31AB7011D0017F91A = {
						CreatedOnToolsVersion = 6.2;
						TestTargetID = 01068EC71AB7011D0017F91A;
					};
				};
			};
			buildConfigurationList = 01068EC31AB7011D0017F91A /* Build configuration list for PBXProject "KinoApp" */;
			compatibilityVersion = "Xcode 3.2";
			developmentRegion = English;
			hasScannedForEncodings = 0;
			knownRegions = (
				en,
				Base,
			);
			mainGroup = 01068EBF1AB7011D0017F91A;
			productRefGroup = 01068EC91AB7011D0017F91A /* Products */;
			projectDirPath = "";
			projectRoot = "";
			targets = (
				01068EC71AB7011D0017F91A /* KinoApp */,
				01068EE31AB7011D0017F91A /* KinoAppTests */,
			);
		};
/* End PBXProject section */

/* Begin PBXResourcesBuildPhase section */
		01068EC61AB7011D0017F91A /* Resources */ = {
			isa = PBXResourcesBuildPhase;
			buildActionMask = 2147483647;
			files = (
				01068F3C1AB72D480017F91A /* BillboardFilmCollectionViewCell.xib in Resources */,
				0121765E1ABC3D8F00EDA095 /* FilmTableViewCell.xib in Resources */,
				01068EFF1AB703CE0017F91A /* Main.storyboard in Resources */,
				01068EDF1AB7011D0017F91A /* LaunchScreen.xib in Resources */,
				012C6B901ABA006D0060A49C /* ListsCollectionViewController.xib in Resources */,
				01068F521AB752840017F91A /* CollectionFilmsCollectionViewCell.xib in Resources */,
				015AB17E1ABC6A3000D2CBAA /* SearchFilmViewController.xib in Resources */,
				012C6B981ABA0A070060A49C /* FilmListCollectionViewCell.xib in Resources */,
				01068F311AB725490017F91A /* BillboardViewController.xib in Resources */,
				01068EDC1AB7011D0017F91A /* Images.xcassets in Resources */,
				0117597C1ABB3B1200724BC5 /* ListTableViewCell.xib in Resources */,
				011759771ABB390600724BC5 /* SelectListViewController.xib in Resources */,
				012C6B801AB99F580060A49C /* FilmDetailViewController.xib in Resources */,
				012176561ABC330D00EDA095 /* ListDetailViewController.xib in Resources */,
			);
			runOnlyForDeploymentPostprocessing = 0;
		};
		01068EE21AB7011D0017F91A /* Resources */ = {
			isa = PBXResourcesBuildPhase;
			buildActionMask = 2147483647;
			files = (
			);
			runOnlyForDeploymentPostprocessing = 0;
		};
/* End PBXResourcesBuildPhase section */

/* Begin PBXShellScriptBuildPhase section */
		5B6F01DA284C0ED64B4A0427 /* Copy Pods Resources */ = {
			isa = PBXShellScriptBuildPhase;
			buildActionMask = 2147483647;
			files = (
			);
			inputPaths = (
			);
			name = "Copy Pods Resources";
			outputPaths = (
			);
			runOnlyForDeploymentPostprocessing = 0;
			shellPath = /bin/sh;
			shellScript = "\"${SRCROOT}/Pods/Target Support Files/Pods/Pods-resources.sh\"\n";
			showEnvVarsInLog = 0;
		};
		961A9D546CA7628ED1D9855A /* Check Pods Manifest.lock */ = {
			isa = PBXShellScriptBuildPhase;
			buildActionMask = 2147483647;
			files = (
			);
			inputPaths = (
			);
			name = "Check Pods Manifest.lock";
			outputPaths = (
			);
			runOnlyForDeploymentPostprocessing = 0;
			shellPath = /bin/sh;
			shellScript = "diff \"${PODS_ROOT}/../Podfile.lock\" \"${PODS_ROOT}/Manifest.lock\" > /dev/null\nif [[ $? != 0 ]] ; then\n    cat << EOM\nerror: The sandbox is not in sync with the Podfile.lock. Run 'pod install' or update your CocoaPods installation.\nEOM\n    exit 1\nfi\n";
			showEnvVarsInLog = 0;
		};
/* End PBXShellScriptBuildPhase section */

/* Begin PBXSourcesBuildPhase section */
		01068EC41AB7011D0017F91A /* Sources */ = {
			isa = PBXSourcesBuildPhase;
			buildActionMask = 2147483647;
			files = (
				013955681ABAD7A500BC745D /* List.m in Sources */,
				012C6B8F1ABA006D0060A49C /* ListsCollectionViewController.m in Sources */,
				0117597F1ABB410600724BC5 /* SelectListRouter.m in Sources */,
				01038D221AC05A2800B88A8A /* UIFont+Custom.m in Sources */,
				01068F581AB7546A0017F91A /* BillboardFilmsCollectionDelegate.m in Sources */,
				01068EFC1AB702CC0017F91A /* CoreDataStack.m in Sources */,
				01068F051AB710D70017F91A /* MainRouter.m in Sources */,
				015AB18A1ABC827C00D2CBAA /* SearchFilmInteractor.m in Sources */,
				015AB1791ABC3F0100D2CBAA /* DetailListRouter.m in Sources */,
				011759831ABB429E00724BC5 /* SelectListModalTransitionAnimator.m in Sources */,
				01068F4A1AB74E1F0017F91A /* LoadUpcomingFilmsInteractor.m in Sources */,
				0158344F1AB84AAA007E0AC4 /* RequestManagerFactory.m in Sources */,
				01068F301AB725490017F91A /* BillboardViewController.m in Sources */,
				0117596F1ABAF5E700724BC5 /* ControllersFactory.m in Sources */,
				018F9DD41AB89B4D0046D3C4 /* Film+Model.m in Sources */,
				012C6B971ABA0A070060A49C /* FilmListCollectionViewCell.m in Sources */,
				0139556B1ABAD8EA00BC745D /* ListDTOParser.m in Sources */,
				01068ED41AB7011D0017F91A /* KinoApp.xcdatamodeld in Sources */,
				01068ED11AB7011D0017F91A /* AppDelegate.m in Sources */,
				012C6BAB1ABA14A70060A49C /* LocalCoreDataListsProvider.m in Sources */,
				018F9DCD1AB896200046D3C4 /* LocalCoreDataFilmsProvider.m in Sources */,
				012C6B7F1AB99F580060A49C /* FilmDetailViewController.m in Sources */,
				012176591ABC3D6700EDA095 /* FilmCollectionViewCellController.m in Sources */,
				018F9DD71AB8AAF50046D3C4 /* Film.m in Sources */,
				015AB17D1ABC6A3000D2CBAA /* SearchFilmViewController.m in Sources */,
				01038D1F1AC0516200B88A8A /* UIColor+Custom.m in Sources */,
				01F0C0F21AC1A0220009E061 /* UISearchBar+Custom.m in Sources */,
				012C6B931ABA01560060A49C /* ListsCollectionRouter.m in Sources */,
				01068F3B1AB72D480017F91A /* BillboardFilmCollectionViewCell.m in Sources */,
				01068F511AB752840017F91A /* CollectionFilmsCollectionViewCell.m in Sources */,
				012C6B8B1ABA000E0060A49C /* FetchAllListsInteractor.m in Sources */,
				015AB1841ABC6E7E00D2CBAA /* SearchFilmTableViewCellController.m in Sources */,
				015AB1811ABC6C3800D2CBAA /* LoadPopularFilmsInteractor.m in Sources */,
				0121765D1ABC3D8F00EDA095 /* FilmTableViewCell.m in Sources */,
				012C6B881AB9D3290060A49C /* LoadFilmInteractor.m in Sources */,
				011759721ABB291F00724BC5 /* AddFilmToListInteractor.m in Sources */,
				018F9DD01AB896F90046D3C4 /* CoreDataManager.m in Sources */,
				012C6BA01ABA0EE70060A49C /* FilmListCollectionViewCellController.m in Sources */,
				015834521AB84E93007E0AC4 /* JARequestManager.m in Sources */,
				015AB1871ABC78BD00D2CBAA /* SearchFilmRouter.m in Sources */,
				01068ECE1AB7011D0017F91A /* main.m in Sources */,
				01068F4D1AB74F2F0017F91A /* LoadPlayingNowInteractor.m in Sources */,
				0117597B1ABB3B1200724BC5 /* ListTableViewCell.m in Sources */,
				01068F401AB72ECB0017F91A /* BillboardCollectionDelegate.m in Sources */,
				01068F341AB725630017F91A /* BillboardRouter.m in Sources */,
				0158345E1AB86633007E0AC4 /* FilmDTOParser.m in Sources */,
				0158345B1AB86508007E0AC4 /* FilmDTO.m in Sources */,
				0158344A1AB8223B007E0AC4 /* APIVars.m in Sources */,
				011759761ABB390600724BC5 /* SelectListViewController.m in Sources */,
				012C6B851AB9C3EE0060A49C /* DetailFilmRouter.m in Sources */,
				012C6BA61ABA107D0060A49C /* ListDTO.m in Sources */,
				01068F471AB747F00017F91A /* ExternalTMDBProvider.m in Sources */,
				015834561AB862B4007E0AC4 /* URLHelper.m in Sources */,
				012176471ABC1FE700EDA095 /* List+Model.m in Sources */,
				012176551ABC330D00EDA095 /* ListDetailViewController.m in Sources */,
			);
			runOnlyForDeploymentPostprocessing = 0;
		};
		01068EE01AB7011D0017F91A /* Sources */ = {
			isa = PBXSourcesBuildPhase;
			buildActionMask = 2147483647;
			files = (
				01068EEB1AB7011D0017F91A /* KinoAppTests.m in Sources */,
			);
			runOnlyForDeploymentPostprocessing = 0;
		};
/* End PBXSourcesBuildPhase section */

/* Begin PBXTargetDependency section */
		01068EE61AB7011D0017F91A /* PBXTargetDependency */ = {
			isa = PBXTargetDependency;
			target = 01068EC71AB7011D0017F91A /* KinoApp */;
			targetProxy = 01068EE51AB7011D0017F91A /* PBXContainerItemProxy */;
		};
/* End PBXTargetDependency section */

/* Begin PBXVariantGroup section */
		01068EDD1AB7011D0017F91A /* LaunchScreen.xib */ = {
			isa = PBXVariantGroup;
			children = (
				01068EDE1AB7011D0017F91A /* Base */,
			);
			name = LaunchScreen.xib;
			sourceTree = "<group>";
		};
/* End PBXVariantGroup section */

/* Begin XCBuildConfiguration section */
		01068EEC1AB7011D0017F91A /* Debug */ = {
			isa = XCBuildConfiguration;
			buildSettings = {
				ALWAYS_SEARCH_USER_PATHS = NO;
				CLANG_CXX_LANGUAGE_STANDARD = "gnu++0x";
				CLANG_CXX_LIBRARY = "libc++";
				CLANG_ENABLE_MODULES = YES;
				CLANG_ENABLE_OBJC_ARC = YES;
				CLANG_WARN_BOOL_CONVERSION = YES;
				CLANG_WARN_CONSTANT_CONVERSION = YES;
				CLANG_WARN_DIRECT_OBJC_ISA_USAGE = YES_ERROR;
				CLANG_WARN_EMPTY_BODY = YES;
				CLANG_WARN_ENUM_CONVERSION = YES;
				CLANG_WARN_INT_CONVERSION = YES;
				CLANG_WARN_OBJC_ROOT_CLASS = YES_ERROR;
				CLANG_WARN_UNREACHABLE_CODE = YES;
				CLANG_WARN__DUPLICATE_METHOD_MATCH = YES;
				"CODE_SIGN_IDENTITY[sdk=iphoneos*]" = "iPhone Developer";
				COPY_PHASE_STRIP = NO;
				ENABLE_STRICT_OBJC_MSGSEND = YES;
				GCC_C_LANGUAGE_STANDARD = gnu99;
				GCC_DYNAMIC_NO_PIC = NO;
				GCC_OPTIMIZATION_LEVEL = 0;
				GCC_PREPROCESSOR_DEFINITIONS = (
					"DEBUG=1",
					"$(inherited)",
				);
				GCC_SYMBOLS_PRIVATE_EXTERN = NO;
				GCC_WARN_64_TO_32_BIT_CONVERSION = YES;
				GCC_WARN_ABOUT_RETURN_TYPE = YES_ERROR;
				GCC_WARN_UNDECLARED_SELECTOR = YES;
				GCC_WARN_UNINITIALIZED_AUTOS = YES_AGGRESSIVE;
				GCC_WARN_UNUSED_FUNCTION = YES;
				GCC_WARN_UNUSED_VARIABLE = YES;
				IPHONEOS_DEPLOYMENT_TARGET = 8.0;
				MTL_ENABLE_DEBUG_INFO = YES;
				ONLY_ACTIVE_ARCH = YES;
				SDKROOT = iphoneos;
			};
			name = Debug;
		};
		01068EED1AB7011D0017F91A /* Release */ = {
			isa = XCBuildConfiguration;
			buildSettings = {
				ALWAYS_SEARCH_USER_PATHS = NO;
				CLANG_CXX_LANGUAGE_STANDARD = "gnu++0x";
				CLANG_CXX_LIBRARY = "libc++";
				CLANG_ENABLE_MODULES = YES;
				CLANG_ENABLE_OBJC_ARC = YES;
				CLANG_WARN_BOOL_CONVERSION = YES;
				CLANG_WARN_CONSTANT_CONVERSION = YES;
				CLANG_WARN_DIRECT_OBJC_ISA_USAGE = YES_ERROR;
				CLANG_WARN_EMPTY_BODY = YES;
				CLANG_WARN_ENUM_CONVERSION = YES;
				CLANG_WARN_INT_CONVERSION = YES;
				CLANG_WARN_OBJC_ROOT_CLASS = YES_ERROR;
				CLANG_WARN_UNREACHABLE_CODE = YES;
				CLANG_WARN__DUPLICATE_METHOD_MATCH = YES;
				"CODE_SIGN_IDENTITY[sdk=iphoneos*]" = "iPhone Developer";
				COPY_PHASE_STRIP = NO;
				ENABLE_NS_ASSERTIONS = NO;
				ENABLE_STRICT_OBJC_MSGSEND = YES;
				GCC_C_LANGUAGE_STANDARD = gnu99;
				GCC_WARN_64_TO_32_BIT_CONVERSION = YES;
				GCC_WARN_ABOUT_RETURN_TYPE = YES_ERROR;
				GCC_WARN_UNDECLARED_SELECTOR = YES;
				GCC_WARN_UNINITIALIZED_AUTOS = YES_AGGRESSIVE;
				GCC_WARN_UNUSED_FUNCTION = YES;
				GCC_WARN_UNUSED_VARIABLE = YES;
				IPHONEOS_DEPLOYMENT_TARGET = 8.0;
				MTL_ENABLE_DEBUG_INFO = NO;
				SDKROOT = iphoneos;
				VALIDATE_PRODUCT = YES;
			};
			name = Release;
		};
		01068EEF1AB7011D0017F91A /* Debug */ = {
			isa = XCBuildConfiguration;
			baseConfigurationReference = 57E47FC539F669D5601D3966 /* Pods.debug.xcconfig */;
			buildSettings = {
				ASSETCATALOG_COMPILER_APPICON_NAME = AppIcon;
				INFOPLIST_FILE = KinoApp/Info.plist;
				LD_RUNPATH_SEARCH_PATHS = "$(inherited) @executable_path/Frameworks";
				PRODUCT_NAME = "$(TARGET_NAME)";
			};
			name = Debug;
		};
		01068EF01AB7011D0017F91A /* Release */ = {
			isa = XCBuildConfiguration;
			baseConfigurationReference = EFBDA11DA5EC569FCCB52E47 /* Pods.release.xcconfig */;
			buildSettings = {
				ASSETCATALOG_COMPILER_APPICON_NAME = AppIcon;
				INFOPLIST_FILE = KinoApp/Info.plist;
				LD_RUNPATH_SEARCH_PATHS = "$(inherited) @executable_path/Frameworks";
				PRODUCT_NAME = "$(TARGET_NAME)";
			};
			name = Release;
		};
		01068EF21AB7011D0017F91A /* Debug */ = {
			isa = XCBuildConfiguration;
			buildSettings = {
				BUNDLE_LOADER = "$(TEST_HOST)";
				FRAMEWORK_SEARCH_PATHS = (
					"$(SDKROOT)/Developer/Library/Frameworks",
					"$(inherited)",
				);
				GCC_PREPROCESSOR_DEFINITIONS = (
					"DEBUG=1",
					"$(inherited)",
				);
				INFOPLIST_FILE = KinoAppTests/Info.plist;
				LD_RUNPATH_SEARCH_PATHS = "$(inherited) @executable_path/Frameworks @loader_path/Frameworks";
				PRODUCT_NAME = "$(TARGET_NAME)";
				TEST_HOST = "$(BUILT_PRODUCTS_DIR)/KinoApp.app/KinoApp";
			};
			name = Debug;
		};
		01068EF31AB7011D0017F91A /* Release */ = {
			isa = XCBuildConfiguration;
			buildSettings = {
				BUNDLE_LOADER = "$(TEST_HOST)";
				FRAMEWORK_SEARCH_PATHS = (
					"$(SDKROOT)/Developer/Library/Frameworks",
					"$(inherited)",
				);
				INFOPLIST_FILE = KinoAppTests/Info.plist;
				LD_RUNPATH_SEARCH_PATHS = "$(inherited) @executable_path/Frameworks @loader_path/Frameworks";
				PRODUCT_NAME = "$(TARGET_NAME)";
				TEST_HOST = "$(BUILT_PRODUCTS_DIR)/KinoApp.app/KinoApp";
			};
			name = Release;
		};
/* End XCBuildConfiguration section */

/* Begin XCConfigurationList section */
		01068EC31AB7011D0017F91A /* Build configuration list for PBXProject "KinoApp" */ = {
			isa = XCConfigurationList;
			buildConfigurations = (
				01068EEC1AB7011D0017F91A /* Debug */,
				01068EED1AB7011D0017F91A /* Release */,
			);
			defaultConfigurationIsVisible = 0;
			defaultConfigurationName = Release;
		};
		01068EEE1AB7011D0017F91A /* Build configuration list for PBXNativeTarget "KinoApp" */ = {
			isa = XCConfigurationList;
			buildConfigurations = (
				01068EEF1AB7011D0017F91A /* Debug */,
				01068EF01AB7011D0017F91A /* Release */,
			);
			defaultConfigurationIsVisible = 0;
			defaultConfigurationName = Release;
		};
		01068EF11AB7011D0017F91A /* Build configuration list for PBXNativeTarget "KinoAppTests" */ = {
			isa = XCConfigurationList;
			buildConfigurations = (
				01068EF21AB7011D0017F91A /* Debug */,
				01068EF31AB7011D0017F91A /* Release */,
			);
			defaultConfigurationIsVisible = 0;
			defaultConfigurationName = Release;
		};
/* End XCConfigurationList section */

/* Begin XCVersionGroup section */
		01068ED21AB7011D0017F91A /* KinoApp.xcdatamodeld */ = {
			isa = XCVersionGroup;
			children = (
				01068ED31AB7011D0017F91A /* KinoApp.xcdatamodel */,
			);
			currentVersion = 01068ED31AB7011D0017F91A /* KinoApp.xcdatamodel */;
			path = KinoApp.xcdatamodeld;
			sourceTree = "<group>";
			versionGroupType = wrapper.xcdatamodel;
		};
/* End XCVersionGroup section */
	};
	rootObject = 01068EC01AB7011D0017F91A /* Project object */;
}
